
Microsoft Visual Studio Solution File, Format Version 12.00
# Visual Studio Version 16
VisualStudioVersion = 16.0.30011.22
MinimumVisualStudioVersion = 10.0.40219.1
Project("{FAE04EC0-301F-11D3-BF4B-00C04F79EFBC}") = "Epicache", "source\Epicache\Epicache.csproj", "{468A8B84-CC45-49D7-A5AB-1869B1F7B093}"
EndProject
Global
	GlobalSection(SolutionConfigurationPlatforms) = preSolution
		Debug|Any CPU = Debug|Any CPU
		Release|Any CPU = Release|Any CPU
	EndGlobalSection
	GlobalSection(ProjectConfigurationPlatforms) = postSolution
		{468A8B84-CC45-49D7-A5AB-1869B1F7B093}.Debug|Any CPU.ActiveCfg = Debug|Any CPU
		{468A8B84-CC45-49D7-A5AB-1869B1F7B093}.Debug|Any CPU.Build.0 = Debug|Any CPU
		{468A8B84-CC45-49D7-A5AB-1869B1F7B093}.Release|Any CPU.ActiveCfg = Release|Any CPU
		{468A8B84-CC45-49D7-A5AB-1869B1F7B093}.Release|Any CPU.Build.0 = Release|Any CPU
	EndGlobalSection
	GlobalSection(SolutionProperties) = preSolution
		HideSolutionNode = FALSE
	EndGlobalSection
	GlobalSection(ExtensibilityGlobals) = postSolution
		SolutionGuid = {F734FE7B-5098-4825-BD02-7E6866E7E613}
	EndGlobalSection
EndGlobal
